
Microsoft Visual Studio Solution File, Format Version 12.00
# Visual Studio 15
VisualStudioVersion = 15.0.28307.645
MinimumVisualStudioVersion = 10.0.40219.1
Project("{FAE04EC0-301F-11D3-BF4B-00C04F79EFBC}") = "Quiz.Android", "Quiz\Quiz.Android\Quiz.Android.csproj", "{F5DD7BB0-AE47-482B-8CAC-C8AB4D5AB386}"
EndProject
Project("{FAE04EC0-301F-11D3-BF4B-00C04F79EFBC}") = "Quiz.iOS", "Quiz\Quiz.iOS\Quiz.iOS.csproj", "{EBD33F3D-1C1E-4E0C-92DB-979B6DA4401A}"
EndProject
Project("{FAE04EC0-301F-11D3-BF4B-00C04F79EFBC}") = "Quiz.UWP", "Quiz\Quiz.UWP\Quiz.UWP.csproj", "{F8026D92-C362-49D8-87D8-747742BAC9A9}"
EndProject
Project("{9A19103F-16F7-4668-BE54-9A1E7A4F7556}") = "Quiz", "Quiz\Quiz\Quiz.csproj", "{EBCBB058-29FA-4C33-95EA-94DB15192365}"
EndProject
Global
	GlobalSection(SolutionConfigurationPlatforms) = preSolution
		Ad-Hoc|Any CPU = Ad-Hoc|Any CPU
		Ad-Hoc|ARM = Ad-Hoc|ARM
		Ad-Hoc|iPhone = Ad-Hoc|iPhone
		Ad-Hoc|iPhoneSimulator = Ad-Hoc|iPhoneSimulator
		Ad-Hoc|x64 = Ad-Hoc|x64
		Ad-Hoc|x86 = Ad-Hoc|x86
		AppStore|Any CPU = AppStore|Any CPU
		AppStore|ARM = AppStore|ARM
		AppStore|iPhone = AppStore|iPhone
		AppStore|iPhoneSimulator = AppStore|iPhoneSimulator
		AppStore|x64 = AppStore|x64
		AppStore|x86 = AppStore|x86
		Debug|Any CPU = Debug|Any CPU
		Debug|ARM = Debug|ARM
		Debug|iPhone = Debug|iPhone
		Debug|iPhoneSimulator = Debug|iPhoneSimulator
		Debug|x64 = Debug|x64
		Debug|x86 = Debug|x86
		Release|Any CPU = Release|Any CPU
		Release|ARM = Release|ARM
		Release|iPhone = Release|iPhone
		Release|iPhoneSimulator = Release|iPhoneSimulator
		Release|x64 = Release|x64
		Release|x86 = Release|x86
	EndGlobalSection
	GlobalSection(ProjectConfigurationPlatforms) = postSolution
		{F5DD7BB0-AE47-482B-8CAC-C8AB4D5AB386}.Ad-Hoc|Any CPU.ActiveCfg = Release|Any CPU
		{F5DD7BB0-AE47-482B-8CAC-C8AB4D5AB386}.Ad-Hoc|Any CPU.Build.0 = Release|Any CPU
		{F5DD7BB0-AE47-482B-8CAC-C8AB4D5AB386}.Ad-Hoc|Any CPU.Deploy.0 = Release|Any CPU
		{F5DD7BB0-AE47-482B-8CAC-C8AB4D5AB386}.Ad-Hoc|ARM.ActiveCfg = Release|Any CPU
		{F5DD7BB0-AE47-482B-8CAC-C8AB4D5AB386}.Ad-Hoc|ARM.Build.0 = Release|Any CPU
		{F5DD7BB0-AE47-482B-8CAC-C8AB4D5AB386}.Ad-Hoc|ARM.Deploy.0 = Release|Any CPU
		{F5DD7BB0-AE47-482B-8CAC-C8AB4D5AB386}.Ad-Hoc|iPhone.ActiveCfg = Release|Any CPU
		{F5DD7BB0-AE47-482B-8CAC-C8AB4D5AB386}.Ad-Hoc|iPhone.Build.0 = Release|Any CPU
		{F5DD7BB0-AE47-482B-8CAC-C8AB4D5AB386}.Ad-Hoc|iPhone.Deploy.0 = Release|Any CPU
		{F5DD7BB0-AE47-482B-8CAC-C8AB4D5AB386}.Ad-Hoc|iPhoneSimulator.ActiveCfg = Release|Any CPU
		{F5DD7BB0-AE47-482B-8CAC-C8AB4D5AB386}.Ad-Hoc|iPhoneSimulator.Build.0 = Release|Any CPU
		{F5DD7BB0-AE47-482B-8CAC-C8AB4D5AB386}.Ad-Hoc|iPhoneSimulator.Deploy.0 = Release|Any CPU
		{F5DD7BB0-AE47-482B-8CAC-C8AB4D5AB386}.Ad-Hoc|x64.ActiveCfg = Release|Any CPU
		{F5DD7BB0-AE47-482B-8CAC-C8AB4D5AB386}.Ad-Hoc|x64.Build.0 = Release|Any CPU
		{F5DD7BB0-AE47-482B-8CAC-C8AB4D5AB386}.Ad-Hoc|x64.Deploy.0 = Release|Any CPU
		{F5DD7BB0-AE47-482B-8CAC-C8AB4D5AB386}.Ad-Hoc|x86.ActiveCfg = Release|Any CPU
		{F5DD7BB0-AE47-482B-8CAC-C8AB4D5AB386}.Ad-Hoc|x86.Build.0 = Release|Any CPU
		{F5DD7BB0-AE47-482B-8CAC-C8AB4D5AB386}.Ad-Hoc|x86.Deploy.0 = Release|Any CPU
		{F5DD7BB0-AE47-482B-8CAC-C8AB4D5AB386}.AppStore|Any CPU.ActiveCfg = Release|Any CPU
		{F5DD7BB0-AE47-482B-8CAC-C8AB4D5AB386}.AppStore|Any CPU.Build.0 = Release|Any CPU
		{F5DD7BB0-AE47-482B-8CAC-C8AB4D5AB386}.AppStore|Any CPU.Deploy.0 = Release|Any CPU
		{F5DD7BB0-AE47-482B-8CAC-C8AB4D5AB386}.AppStore|ARM.ActiveCfg = Release|Any CPU
		{F5DD7BB0-AE47-482B-8CAC-C8AB4D5AB386}.AppStore|ARM.Build.0 = Release|Any CPU
		{F5DD7BB0-AE47-482B-8CAC-C8AB4D5AB386}.AppStore|ARM.Deploy.0 = Release|Any CPU
		{F5DD7BB0-AE47-482B-8CAC-C8AB4D5AB386}.AppStore|iPhone.ActiveCfg = Release|Any CPU
		{F5DD7BB0-AE47-482B-8CAC-C8AB4D5AB386}.AppStore|iPhone.Build.0 = Release|Any CPU
		{F5DD7BB0-AE47-482B-8CAC-C8AB4D5AB386}.AppStore|iPhone.Deploy.0 = Release|Any CPU
		{F5DD7BB0-AE47-482B-8CAC-C8AB4D5AB386}.AppStore|iPhoneSimulator.ActiveCfg = Release|Any CPU
		{F5DD7BB0-AE47-482B-8CAC-C8AB4D5AB386}.AppStore|iPhoneSimulator.Build.0 = Release|Any CPU
		{F5DD7BB0-AE47-482B-8CAC-C8AB4D5AB386}.AppStore|iPhoneSimulator.Deploy.0 = Release|Any CPU
		{F5DD7BB0-AE47-482B-8CAC-C8AB4D5AB386}.AppStore|x64.ActiveCfg = Release|Any CPU
		{F5DD7BB0-AE47-482B-8CAC-C8AB4D5AB386}.AppStore|x64.Build.0 = Release|Any CPU
		{F5DD7BB0-AE47-482B-8CAC-C8AB4D5AB386}.AppStore|x64.Deploy.0 = Release|Any CPU
		{F5DD7BB0-AE47-482B-8CAC-C8AB4D5AB386}.AppStore|x86.ActiveCfg = Release|Any CPU
		{F5DD7BB0-AE47-482B-8CAC-C8AB4D5AB386}.AppStore|x86.Build.0 = Release|Any CPU
		{F5DD7BB0-AE47-482B-8CAC-C8AB4D5AB386}.AppStore|x86.Deploy.0 = Release|Any CPU
		{F5DD7BB0-AE47-482B-8CAC-C8AB4D5AB386}.Debug|Any CPU.ActiveCfg = Debug|Any CPU
		{F5DD7BB0-AE47-482B-8CAC-C8AB4D5AB386}.Debug|Any CPU.Build.0 = Debug|Any CPU
		{F5DD7BB0-AE47-482B-8CAC-C8AB4D5AB386}.Debug|Any CPU.Deploy.0 = Debug|Any CPU
		{F5DD7BB0-AE47-482B-8CAC-C8AB4D5AB386}.Debug|ARM.ActiveCfg = Debug|Any CPU
		{F5DD7BB0-AE47-482B-8CAC-C8AB4D5AB386}.Debug|ARM.Build.0 = Debug|Any CPU
		{F5DD7BB0-AE47-482B-8CAC-C8AB4D5AB386}.Debug|ARM.Deploy.0 = Debug|Any CPU
		{F5DD7BB0-AE47-482B-8CAC-C8AB4D5AB386}.Debug|iPhone.ActiveCfg = Debug|Any CPU
		{F5DD7BB0-AE47-482B-8CAC-C8AB4D5AB386}.Debug|iPhone.Build.0 = Debug|Any CPU
		{F5DD7BB0-AE47-482B-8CAC-C8AB4D5AB386}.Debug|iPhone.Deploy.0 = Debug|Any CPU
		{F5DD7BB0-AE47-482B-8CAC-C8AB4D5AB386}.Debug|iPhoneSimulator.ActiveCfg = Debug|Any CPU
		{F5DD7BB0-AE47-482B-8CAC-C8AB4D5AB386}.Debug|iPhoneSimulator.Build.0 = Debug|Any CPU
		{F5DD7BB0-AE47-482B-8CAC-C8AB4D5AB386}.Debug|iPhoneSimulator.Deploy.0 = Debug|Any CPU
		{F5DD7BB0-AE47-482B-8CAC-C8AB4D5AB386}.Debug|x64.ActiveCfg = Debug|Any CPU
		{F5DD7BB0-AE47-482B-8CAC-C8AB4D5AB386}.Debug|x64.Build.0 = Debug|Any CPU
		{F5DD7BB0-AE47-482B-8CAC-C8AB4D5AB386}.Debug|x64.Deploy.0 = Debug|Any CPU
		{F5DD7BB0-AE47-482B-8CAC-C8AB4D5AB386}.Debug|x86.ActiveCfg = Debug|Any CPU
		{F5DD7BB0-AE47-482B-8CAC-C8AB4D5AB386}.Debug|x86.Build.0 = Debug|Any CPU
		{F5DD7BB0-AE47-482B-8CAC-C8AB4D5AB386}.Debug|x86.Deploy.0 = Debug|Any CPU
		{F5DD7BB0-AE47-482B-8CAC-C8AB4D5AB386}.Release|Any CPU.ActiveCfg = Release|Any CPU
		{F5DD7BB0-AE47-482B-8CAC-C8AB4D5AB386}.Release|Any CPU.Build.0 = Release|Any CPU
		{F5DD7BB0-AE47-482B-8CAC-C8AB4D5AB386}.Release|Any CPU.Deploy.0 = Release|Any CPU
		{F5DD7BB0-AE47-482B-8CAC-C8AB4D5AB386}.Release|ARM.ActiveCfg = Release|Any CPU
		{F5DD7BB0-AE47-482B-8CAC-C8AB4D5AB386}.Release|ARM.Build.0 = Release|Any CPU
		{F5DD7BB0-AE47-482B-8CAC-C8AB4D5AB386}.Release|ARM.Deploy.0 = Release|Any CPU
		{F5DD7BB0-AE47-482B-8CAC-C8AB4D5AB386}.Release|iPhone.ActiveCfg = Release|Any CPU
		{F5DD7BB0-AE47-482B-8CAC-C8AB4D5AB386}.Release|iPhone.Build.0 = Release|Any CPU
		{F5DD7BB0-AE47-482B-8CAC-C8AB4D5AB386}.Release|iPhone.Deploy.0 = Release|Any CPU
		{F5DD7BB0-AE47-482B-8CAC-C8AB4D5AB386}.Release|iPhoneSimulator.ActiveCfg = Release|Any CPU
		{F5DD7BB0-AE47-482B-8CAC-C8AB4D5AB386}.Release|iPhoneSimulator.Build.0 = Release|Any CPU
		{F5DD7BB0-AE47-482B-8CAC-C8AB4D5AB386}.Release|iPhoneSimulator.Deploy.0 = Release|Any CPU
		{F5DD7BB0-AE47-482B-8CAC-C8AB4D5AB386}.Release|x64.ActiveCfg = Release|Any CPU
		{F5DD7BB0-AE47-482B-8CAC-C8AB4D5AB386}.Release|x64.Build.0 = Release|Any CPU
		{F5DD7BB0-AE47-482B-8CAC-C8AB4D5AB386}.Release|x64.Deploy.0 = Release|Any CPU
		{F5DD7BB0-AE47-482B-8CAC-C8AB4D5AB386}.Release|x86.ActiveCfg = Release|Any CPU
		{F5DD7BB0-AE47-482B-8CAC-C8AB4D5AB386}.Release|x86.Build.0 = Release|Any CPU
		{F5DD7BB0-AE47-482B-8CAC-C8AB4D5AB386}.Release|x86.Deploy.0 = Release|Any CPU
		{EBD33F3D-1C1E-4E0C-92DB-979B6DA4401A}.Ad-Hoc|Any CPU.ActiveCfg = Ad-Hoc|iPhone
		{EBD33F3D-1C1E-4E0C-92DB-979B6DA4401A}.Ad-Hoc|Any CPU.Build.0 = Ad-Hoc|iPhone
		{EBD33F3D-1C1E-4E0C-92DB-979B6DA4401A}.Ad-Hoc|Any CPU.Deploy.0 = Ad-Hoc|iPhone
		{EBD33F3D-1C1E-4E0C-92DB-979B6DA4401A}.Ad-Hoc|ARM.ActiveCfg = Ad-Hoc|iPhone
		{EBD33F3D-1C1E-4E0C-92DB-979B6DA4401A}.Ad-Hoc|ARM.Build.0 = Ad-Hoc|iPhone
		{EBD33F3D-1C1E-4E0C-92DB-979B6DA4401A}.Ad-Hoc|ARM.Deploy.0 = Ad-Hoc|iPhone
		{EBD33F3D-1C1E-4E0C-92DB-979B6DA4401A}.Ad-Hoc|iPhone.ActiveCfg = Ad-Hoc|iPhone
		{EBD33F3D-1C1E-4E0C-92DB-979B6DA4401A}.Ad-Hoc|iPhone.Build.0 = Ad-Hoc|iPhone
		{EBD33F3D-1C1E-4E0C-92DB-979B6DA4401A}.Ad-Hoc|iPhone.Deploy.0 = Ad-Hoc|iPhone
		{EBD33F3D-1C1E-4E0C-92DB-979B6DA4401A}.Ad-Hoc|iPhoneSimulator.ActiveCfg = Ad-Hoc|iPhoneSimulator
		{EBD33F3D-1C1E-4E0C-92DB-979B6DA4401A}.Ad-Hoc|iPhoneSimulator.Build.0 = Ad-Hoc|iPhoneSimulator
		{EBD33F3D-1C1E-4E0C-92DB-979B6DA4401A}.Ad-Hoc|iPhoneSimulator.Deploy.0 = Ad-Hoc|iPhoneSimulator
		{EBD33F3D-1C1E-4E0C-92DB-979B6DA4401A}.Ad-Hoc|x64.ActiveCfg = Ad-Hoc|iPhone
		{EBD33F3D-1C1E-4E0C-92DB-979B6DA4401A}.Ad-Hoc|x64.Build.0 = Ad-Hoc|iPhone
		{EBD33F3D-1C1E-4E0C-92DB-979B6DA4401A}.Ad-Hoc|x64.Deploy.0 = Ad-Hoc|iPhone
		{EBD33F3D-1C1E-4E0C-92DB-979B6DA4401A}.Ad-Hoc|x86.ActiveCfg = Ad-Hoc|iPhone
		{EBD33F3D-1C1E-4E0C-92DB-979B6DA4401A}.Ad-Hoc|x86.Build.0 = Ad-Hoc|iPhone
		{EBD33F3D-1C1E-4E0C-92DB-979B6DA4401A}.Ad-Hoc|x86.Deploy.0 = Ad-Hoc|iPhone
		{EBD33F3D-1C1E-4E0C-92DB-979B6DA4401A}.AppStore|Any CPU.ActiveCfg = AppStore|iPhone
		{EBD33F3D-1C1E-4E0C-92DB-979B6DA4401A}.AppStore|Any CPU.Build.0 = AppStore|iPhone
		{EBD33F3D-1C1E-4E0C-92DB-979B6DA4401A}.AppStore|Any CPU.Deploy.0 = AppStore|iPhone
		{EBD33F3D-1C1E-4E0C-92DB-979B6DA4401A}.AppStore|ARM.ActiveCfg = AppStore|iPhone
		{EBD33F3D-1C1E-4E0C-92DB-979B6DA4401A}.AppStore|ARM.Build.0 = AppStore|iPhone
		{EBD33F3D-1C1E-4E0C-92DB-979B6DA4401A}.AppStore|ARM.Deploy.0 = AppStore|iPhone
		{EBD33F3D-1C1E-4E0C-92DB-979B6DA4401A}.AppStore|iPhone.ActiveCfg = AppStore|iPhone
		{EBD33F3D-1C1E-4E0C-92DB-979B6DA4401A}.AppStore|iPhone.Build.0 = AppStore|iPhone
		{EBD33F3D-1C1E-4E0C-92DB-979B6DA4401A}.AppStore|iPhone.Deploy.0 = AppStore|iPhone
		{EBD33F3D-1C1E-4E0C-92DB-979B6DA4401A}.AppStore|iPhoneSimulator.ActiveCfg = AppStore|iPhoneSimulator
		{EBD33F3D-1C1E-4E0C-92DB-979B6DA4401A}.AppStore|iPhoneSimulator.Build.0 = AppStore|iPhoneSimulator
		{EBD33F3D-1C1E-4E0C-92DB-979B6DA4401A}.AppStore|iPhoneSimulator.Deploy.0 = AppStore|iPhoneSimulator
		{EBD33F3D-1C1E-4E0C-92DB-979B6DA4401A}.AppStore|x64.ActiveCfg = AppStore|iPhone
		{EBD33F3D-1C1E-4E0C-92DB-979B6DA4401A}.AppStore|x64.Build.0 = AppStore|iPhone
		{EBD33F3D-1C1E-4E0C-92DB-979B6DA4401A}.AppStore|x64.Deploy.0 = AppStore|iPhone
		{EBD33F3D-1C1E-4E0C-92DB-979B6DA4401A}.AppStore|x86.ActiveCfg = AppStore|iPhone
		{EBD33F3D-1C1E-4E0C-92DB-979B6DA4401A}.AppStore|x86.Build.0 = AppStore|iPhone
		{EBD33F3D-1C1E-4E0C-92DB-979B6DA4401A}.AppStore|x86.Deploy.0 = AppStore|iPhone
		{EBD33F3D-1C1E-4E0C-92DB-979B6DA4401A}.Debug|Any CPU.ActiveCfg = Debug|iPhoneSimulator
		{EBD33F3D-1C1E-4E0C-92DB-979B6DA4401A}.Debug|Any CPU.Build.0 = Debug|iPhoneSimulator
		{EBD33F3D-1C1E-4E0C-92DB-979B6DA4401A}.Debug|Any CPU.Deploy.0 = Debug|iPhoneSimulator
		{EBD33F3D-1C1E-4E0C-92DB-979B6DA4401A}.Debug|ARM.ActiveCfg = Debug|iPhone
		{EBD33F3D-1C1E-4E0C-92DB-979B6DA4401A}.Debug|ARM.Build.0 = Debug|iPhone
		{EBD33F3D-1C1E-4E0C-92DB-979B6DA4401A}.Debug|ARM.Deploy.0 = Debug|iPhone
		{EBD33F3D-1C1E-4E0C-92DB-979B6DA4401A}.Debug|iPhone.ActiveCfg = Debug|iPhone
		{EBD33F3D-1C1E-4E0C-92DB-979B6DA4401A}.Debug|iPhone.Build.0 = Debug|iPhone
		{EBD33F3D-1C1E-4E0C-92DB-979B6DA4401A}.Debug|iPhone.Deploy.0 = Debug|iPhone
		{EBD33F3D-1C1E-4E0C-92DB-979B6DA4401A}.Debug|iPhoneSimulator.ActiveCfg = Debug|iPhoneSimulator
		{EBD33F3D-1C1E-4E0C-92DB-979B6DA4401A}.Debug|iPhoneSimulator.Build.0 = Debug|iPhoneSimulator
		{EBD33F3D-1C1E-4E0C-92DB-979B6DA4401A}.Debug|iPhoneSimulator.Deploy.0 = Debug|iPhoneSimulator
		{EBD33F3D-1C1E-4E0C-92DB-979B6DA4401A}.Debug|x64.ActiveCfg = Debug|iPhone
		{EBD33F3D-1C1E-4E0C-92DB-979B6DA4401A}.Debug|x64.Build.0 = Debug|iPhone
		{EBD33F3D-1C1E-4E0C-92DB-979B6DA4401A}.Debug|x64.Deploy.0 = Debug|iPhone
		{EBD33F3D-1C1E-4E0C-92DB-979B6DA4401A}.Debug|x86.ActiveCfg = Debug|iPhone
		{EBD33F3D-1C1E-4E0C-92DB-979B6DA4401A}.Debug|x86.Build.0 = Debug|iPhone
		{EBD33F3D-1C1E-4E0C-92DB-979B6DA4401A}.Debug|x86.Deploy.0 = Debug|iPhone
		{EBD33F3D-1C1E-4E0C-92DB-979B6DA4401A}.Release|Any CPU.ActiveCfg = Release|iPhone
		{EBD33F3D-1C1E-4E0C-92DB-979B6DA4401A}.Release|Any CPU.Build.0 = Release|iPhone
		{EBD33F3D-1C1E-4E0C-92DB-979B6DA4401A}.Release|Any CPU.Deploy.0 = Release|iPhone
		{EBD33F3D-1C1E-4E0C-92DB-979B6DA4401A}.Release|ARM.ActiveCfg = Release|iPhone
		{EBD33F3D-1C1E-4E0C-92DB-979B6DA4401A}.Release|ARM.Build.0 = Release|iPhone
		{EBD33F3D-1C1E-4E0C-92DB-979B6DA4401A}.Release|ARM.Deploy.0 = Release|iPhone
		{EBD33F3D-1C1E-4E0C-92DB-979B6DA4401A}.Release|iPhone.ActiveCfg = Release|iPhone
		{EBD33F3D-1C1E-4E0C-92DB-979B6DA4401A}.Release|iPhone.Build.0 = Release|iPhone
		{EBD33F3D-1C1E-4E0C-92DB-979B6DA4401A}.Release|iPhone.Deploy.0 = Release|iPhone
		{EBD33F3D-1C1E-4E0C-92DB-979B6DA4401A}.Release|iPhoneSimulator.ActiveCfg = Release|iPhoneSimulator
		{EBD33F3D-1C1E-4E0C-92DB-979B6DA4401A}.Release|iPhoneSimulator.Build.0 = Release|iPhoneSimulator
		{EBD33F3D-1C1E-4E0C-92DB-979B6DA4401A}.Release|iPhoneSimulator.Deploy.0 = Release|iPhoneSimulator
		{EBD33F3D-1C1E-4E0C-92DB-979B6DA4401A}.Release|x64.ActiveCfg = Release|iPhone
		{EBD33F3D-1C1E-4E0C-92DB-979B6DA4401A}.Release|x64.Build.0 = Release|iPhone
		{EBD33F3D-1C1E-4E0C-92DB-979B6DA4401A}.Release|x64.Deploy.0 = Release|iPhone
		{EBD33F3D-1C1E-4E0C-92DB-979B6DA4401A}.Release|x86.ActiveCfg = Release|iPhone
		{EBD33F3D-1C1E-4E0C-92DB-979B6DA4401A}.Release|x86.Build.0 = Release|iPhone
		{EBD33F3D-1C1E-4E0C-92DB-979B6DA4401A}.Release|x86.Deploy.0 = Release|iPhone
		{F8026D92-C362-49D8-87D8-747742BAC9A9}.Ad-Hoc|Any CPU.ActiveCfg = Release|x86
		{F8026D92-C362-49D8-87D8-747742BAC9A9}.Ad-Hoc|Any CPU.Build.0 = Release|x86
		{F8026D92-C362-49D8-87D8-747742BAC9A9}.Ad-Hoc|Any CPU.Deploy.0 = Release|x86
		{F8026D92-C362-49D8-87D8-747742BAC9A9}.Ad-Hoc|ARM.ActiveCfg = Release|ARM
		{F8026D92-C362-49D8-87D8-747742BAC9A9}.Ad-Hoc|ARM.Build.0 = Release|ARM
		{F8026D92-C362-49D8-87D8-747742BAC9A9}.Ad-Hoc|ARM.Deploy.0 = Release|ARM
		{F8026D92-C362-49D8-87D8-747742BAC9A9}.Ad-Hoc|iPhone.ActiveCfg = Release|x86
		{F8026D92-C362-49D8-87D8-747742BAC9A9}.Ad-Hoc|iPhone.Build.0 = Release|x86
		{F8026D92-C362-49D8-87D8-747742BAC9A9}.Ad-Hoc|iPhone.Deploy.0 = Release|x86
		{F8026D92-C362-49D8-87D8-747742BAC9A9}.Ad-Hoc|iPhoneSimulator.ActiveCfg = Release|x86
		{F8026D92-C362-49D8-87D8-747742BAC9A9}.Ad-Hoc|iPhoneSimulator.Build.0 = Release|x86
		{F8026D92-C362-49D8-87D8-747742BAC9A9}.Ad-Hoc|iPhoneSimulator.Deploy.0 = Release|x86
		{F8026D92-C362-49D8-87D8-747742BAC9A9}.Ad-Hoc|x64.ActiveCfg = Release|x64
		{F8026D92-C362-49D8-87D8-747742BAC9A9}.Ad-Hoc|x64.Build.0 = Release|x64
		{F8026D92-C362-49D8-87D8-747742BAC9A9}.Ad-Hoc|x64.Deploy.0 = Release|x64
		{F8026D92-C362-49D8-87D8-747742BAC9A9}.Ad-Hoc|x86.ActiveCfg = Release|x86
		{F8026D92-C362-49D8-87D8-747742BAC9A9}.Ad-Hoc|x86.Build.0 = Release|x86
		{F8026D92-C362-49D8-87D8-747742BAC9A9}.Ad-Hoc|x86.Deploy.0 = Release|x86
		{F8026D92-C362-49D8-87D8-747742BAC9A9}.AppStore|Any CPU.ActiveCfg = Release|x86
		{F8026D92-C362-49D8-87D8-747742BAC9A9}.AppStore|Any CPU.Build.0 = Release|x86
		{F8026D92-C362-49D8-87D8-747742BAC9A9}.AppStore|Any CPU.Deploy.0 = Release|x86
		{F8026D92-C362-49D8-87D8-747742BAC9A9}.AppStore|ARM.ActiveCfg = Release|ARM
		{F8026D92-C362-49D8-87D8-747742BAC9A9}.AppStore|ARM.Build.0 = Release|ARM
		{F8026D92-C362-49D8-87D8-747742BAC9A9}.AppStore|ARM.Deploy.0 = Release|ARM
		{F8026D92-C362-49D8-87D8-747742BAC9A9}.AppStore|iPhone.ActiveCfg = Release|x86
		{F8026D92-C362-49D8-87D8-747742BAC9A9}.AppStore|iPhone.Build.0 = Release|x86
		{F8026D92-C362-49D8-87D8-747742BAC9A9}.AppStore|iPhone.Deploy.0 = Release|x86
		{F8026D92-C362-49D8-87D8-747742BAC9A9}.AppStore|iPhoneSimulator.ActiveCfg = Release|x86
		{F8026D92-C362-49D8-87D8-747742BAC9A9}.AppStore|iPhoneSimulator.Build.0 = Release|x86
		{F8026D92-C362-49D8-87D8-747742BAC9A9}.AppStore|iPhoneSimulator.Deploy.0 = Release|x86
		{F8026D92-C362-49D8-87D8-747742BAC9A9}.AppStore|x64.ActiveCfg = Release|x64
		{F8026D92-C362-49D8-87D8-747742BAC9A9}.AppStore|x64.Build.0 = Release|x64
		{F8026D92-C362-49D8-87D8-747742BAC9A9}.AppStore|x64.Deploy.0 = Release|x64
		{F8026D92-C362-49D8-87D8-747742BAC9A9}.AppStore|x86.ActiveCfg = Release|x86
		{F8026D92-C362-49D8-87D8-747742BAC9A9}.AppStore|x86.Build.0 = Release|x86
		{F8026D92-C362-49D8-87D8-747742BAC9A9}.AppStore|x86.Deploy.0 = Release|x86
		{F8026D92-C362-49D8-87D8-747742BAC9A9}.Debug|Any CPU.ActiveCfg = Debug|x86
		{F8026D92-C362-49D8-87D8-747742BAC9A9}.Debug|Any CPU.Build.0 = Debug|x86
		{F8026D92-C362-49D8-87D8-747742BAC9A9}.Debug|Any CPU.Deploy.0 = Debug|x86
		{F8026D92-C362-49D8-87D8-747742BAC9A9}.Debug|ARM.ActiveCfg = Debug|ARM
		{F8026D92-C362-49D8-87D8-747742BAC9A9}.Debug|ARM.Build.0 = Debug|ARM
		{F8026D92-C362-49D8-87D8-747742BAC9A9}.Debug|ARM.Deploy.0 = Debug|ARM
		{F8026D92-C362-49D8-87D8-747742BAC9A9}.Debug|iPhone.ActiveCfg = Debug|x86
		{F8026D92-C362-49D8-87D8-747742BAC9A9}.Debug|iPhone.Build.0 = Debug|x86
		{F8026D92-C362-49D8-87D8-747742BAC9A9}.Debug|iPhone.Deploy.0 = Debug|x86
		{F8026D92-C362-49D8-87D8-747742BAC9A9}.Debug|iPhoneSimulator.ActiveCfg = Debug|x86
		{F8026D92-C362-49D8-87D8-747742BAC9A9}.Debug|iPhoneSimulator.Build.0 = Debug|x86
		{F8026D92-C362-49D8-87D8-747742BAC9A9}.Debug|iPhoneSimulator.Deploy.0 = Debug|x86
		{F8026D92-C362-49D8-87D8-747742BAC9A9}.Debug|x64.ActiveCfg = Debug|x64
		{F8026D92-C362-49D8-87D8-747742BAC9A9}.Debug|x64.Build.0 = Debug|x64
		{F8026D92-C362-49D8-87D8-747742BAC9A9}.Debug|x64.Deploy.0 = Debug|x64
		{F8026D92-C362-49D8-87D8-747742BAC9A9}.Debug|x86.ActiveCfg = Debug|x86
		{F8026D92-C362-49D8-87D8-747742BAC9A9}.Debug|x86.Build.0 = Debug|x86
		{F8026D92-C362-49D8-87D8-747742BAC9A9}.Debug|x86.Deploy.0 = Debug|x86
		{F8026D92-C362-49D8-87D8-747742BAC9A9}.Release|Any CPU.ActiveCfg = Release|x86
		{F8026D92-C362-49D8-87D8-747742BAC9A9}.Release|Any CPU.Build.0 = Release|x86
		{F8026D92-C362-49D8-87D8-747742BAC9A9}.Release|Any CPU.Deploy.0 = Release|x86
		{F8026D92-C362-49D8-87D8-747742BAC9A9}.Release|ARM.ActiveCfg = Release|ARM
		{F8026D92-C362-49D8-87D8-747742BAC9A9}.Release|ARM.Build.0 = Release|ARM
		{F8026D92-C362-49D8-87D8-747742BAC9A9}.Release|ARM.Deploy.0 = Release|ARM
		{F8026D92-C362-49D8-87D8-747742BAC9A9}.Release|iPhone.ActiveCfg = Release|x86
		{F8026D92-C362-49D8-87D8-747742BAC9A9}.Release|iPhone.Build.0 = Release|x86
		{F8026D92-C362-49D8-87D8-747742BAC9A9}.Release|iPhone.Deploy.0 = Release|x86
		{F8026D92-C362-49D8-87D8-747742BAC9A9}.Release|iPhoneSimulator.ActiveCfg = Release|x86
		{F8026D92-C362-49D8-87D8-747742BAC9A9}.Release|iPhoneSimulator.Build.0 = Release|x86
		{F8026D92-C362-49D8-87D8-747742BAC9A9}.Release|iPhoneSimulator.Deploy.0 = Release|x86
		{F8026D92-C362-49D8-87D8-747742BAC9A9}.Release|x64.ActiveCfg = Release|x64
		{F8026D92-C362-49D8-87D8-747742BAC9A9}.Release|x64.Build.0 = Release|x64
		{F8026D92-C362-49D8-87D8-747742BAC9A9}.Release|x64.Deploy.0 = Release|x64
		{F8026D92-C362-49D8-87D8-747742BAC9A9}.Release|x86.ActiveCfg = Release|x86
		{F8026D92-C362-49D8-87D8-747742BAC9A9}.Release|x86.Build.0 = Release|x86
		{F8026D92-C362-49D8-87D8-747742BAC9A9}.Release|x86.Deploy.0 = Release|x86
		{EBCBB058-29FA-4C33-95EA-94DB15192365}.Ad-Hoc|Any CPU.ActiveCfg = Debug|Any CPU
		{EBCBB058-29FA-4C33-95EA-94DB15192365}.Ad-Hoc|Any CPU.Build.0 = Debug|Any CPU
		{EBCBB058-29FA-4C33-95EA-94DB15192365}.Ad-Hoc|Any CPU.Deploy.0 = Debug|Any CPU
		{EBCBB058-29FA-4C33-95EA-94DB15192365}.Ad-Hoc|ARM.ActiveCfg = Debug|Any CPU
		{EBCBB058-29FA-4C33-95EA-94DB15192365}.Ad-Hoc|ARM.Build.0 = Debug|Any CPU
		{EBCBB058-29FA-4C33-95EA-94DB15192365}.Ad-Hoc|ARM.Deploy.0 = Debug|Any CPU
		{EBCBB058-29FA-4C33-95EA-94DB15192365}.Ad-Hoc|iPhone.ActiveCfg = Debug|Any CPU
		{EBCBB058-29FA-4C33-95EA-94DB15192365}.Ad-Hoc|iPhone.Build.0 = Debug|Any CPU
		{EBCBB058-29FA-4C33-95EA-94DB15192365}.Ad-Hoc|iPhone.Deploy.0 = Debug|Any CPU
		{EBCBB058-29FA-4C33-95EA-94DB15192365}.Ad-Hoc|iPhoneSimulator.ActiveCfg = Debug|Any CPU
		{EBCBB058-29FA-4C33-95EA-94DB15192365}.Ad-Hoc|iPhoneSimulator.Build.0 = Debug|Any CPU
		{EBCBB058-29FA-4C33-95EA-94DB15192365}.Ad-Hoc|iPhoneSimulator.Deploy.0 = Debug|Any CPU
		{EBCBB058-29FA-4C33-95EA-94DB15192365}.Ad-Hoc|x64.ActiveCfg = Debug|Any CPU
		{EBCBB058-29FA-4C33-95EA-94DB15192365}.Ad-Hoc|x64.Build.0 = Debug|Any CPU
		{EBCBB058-29FA-4C33-95EA-94DB15192365}.Ad-Hoc|x64.Deploy.0 = Debug|Any CPU
		{EBCBB058-29FA-4C33-95EA-94DB15192365}.Ad-Hoc|x86.ActiveCfg = Debug|Any CPU
		{EBCBB058-29FA-4C33-95EA-94DB15192365}.Ad-Hoc|x86.Build.0 = Debug|Any CPU
		{EBCBB058-29FA-4C33-95EA-94DB15192365}.Ad-Hoc|x86.Deploy.0 = Debug|Any CPU
		{EBCBB058-29FA-4C33-95EA-94DB15192365}.AppStore|Any CPU.ActiveCfg = Debug|Any CPU
		{EBCBB058-29FA-4C33-95EA-94DB15192365}.AppStore|Any CPU.Build.0 = Debug|Any CPU
		{EBCBB058-29FA-4C33-95EA-94DB15192365}.AppStore|Any CPU.Deploy.0 = Debug|Any CPU
		{EBCBB058-29FA-4C33-95EA-94DB15192365}.AppStore|ARM.ActiveCfg = Debug|Any CPU
		{EBCBB058-29FA-4C33-95EA-94DB15192365}.AppStore|ARM.Build.0 = Debug|Any CPU
		{EBCBB058-29FA-4C33-95EA-94DB15192365}.AppStore|ARM.Deploy.0 = Debug|Any CPU
		{EBCBB058-29FA-4C33-95EA-94DB15192365}.AppStore|iPhone.ActiveCfg = Debug|Any CPU
		{EBCBB058-29FA-4C33-95EA-94DB15192365}.AppStore|iPhone.Build.0 = Debug|Any CPU
		{EBCBB058-29FA-4C33-95EA-94DB15192365}.AppStore|iPhone.Deploy.0 = Debug|Any CPU
		{EBCBB058-29FA-4C33-95EA-94DB15192365}.AppStore|iPhoneSimulator.ActiveCfg = Debug|Any CPU
		{EBCBB058-29FA-4C33-95EA-94DB15192365}.AppStore|iPhoneSimulator.Build.0 = Debug|Any CPU
		{EBCBB058-29FA-4C33-95EA-94DB15192365}.AppStore|iPhoneSimulator.Deploy.0 = Debug|Any CPU
		{EBCBB058-29FA-4C33-95EA-94DB15192365}.AppStore|x64.ActiveCfg = Debug|Any CPU
		{EBCBB058-29FA-4C33-95EA-94DB15192365}.AppStore|x64.Build.0 = Debug|Any CPU
		{EBCBB058-29FA-4C33-95EA-94DB15192365}.AppStore|x64.Deploy.0 = Debug|Any CPU
		{EBCBB058-29FA-4C33-95EA-94DB15192365}.AppStore|x86.ActiveCfg = Debug|Any CPU
		{EBCBB058-29FA-4C33-95EA-94DB15192365}.AppStore|x86.Build.0 = Debug|Any CPU
		{EBCBB058-29FA-4C33-95EA-94DB15192365}.AppStore|x86.Deploy.0 = Debug|Any CPU
		{EBCBB058-29FA-4C33-95EA-94DB15192365}.Debug|Any CPU.ActiveCfg = Debug|Any CPU
		{EBCBB058-29FA-4C33-95EA-94DB15192365}.Debug|Any CPU.Build.0 = Debug|Any CPU
		{EBCBB058-29FA-4C33-95EA-94DB15192365}.Debug|Any CPU.Deploy.0 = Debug|Any CPU
		{EBCBB058-29FA-4C33-95EA-94DB15192365}.Debug|ARM.ActiveCfg = Debug|Any CPU
		{EBCBB058-29FA-4C33-95EA-94DB15192365}.Debug|ARM.Build.0 = Debug|Any CPU
		{EBCBB058-29FA-4C33-95EA-94DB15192365}.Debug|ARM.Deploy.0 = Debug|Any CPU
		{EBCBB058-29FA-4C33-95EA-94DB15192365}.Debug|iPhone.ActiveCfg = Debug|Any CPU
		{EBCBB058-29FA-4C33-95EA-94DB15192365}.Debug|iPhone.Build.0 = Debug|Any CPU
		{EBCBB058-29FA-4C33-95EA-94DB15192365}.Debug|iPhone.Deploy.0 = Debug|Any CPU
		{EBCBB058-29FA-4C33-95EA-94DB15192365}.Debug|iPhoneSimulator.ActiveCfg = Debug|Any CPU
		{EBCBB058-29FA-4C33-95EA-94DB15192365}.Debug|iPhoneSimulator.Build.0 = Debug|Any CPU
		{EBCBB058-29FA-4C33-95EA-94DB15192365}.Debug|iPhoneSimulator.Deploy.0 = Debug|Any CPU
		{EBCBB058-29FA-4C33-95EA-94DB15192365}.Debug|x64.ActiveCfg = Debug|Any CPU
		{EBCBB058-29FA-4C33-95EA-94DB15192365}.Debug|x64.Build.0 = Debug|Any CPU
		{EBCBB058-29FA-4C33-95EA-94DB15192365}.Debug|x64.Deploy.0 = Debug|Any CPU
		{EBCBB058-29FA-4C33-95EA-94DB15192365}.Debug|x86.ActiveCfg = Debug|Any CPU
		{EBCBB058-29FA-4C33-95EA-94DB15192365}.Debug|x86.Build.0 = Debug|Any CPU
		{EBCBB058-29FA-4C33-95EA-94DB15192365}.Debug|x86.Deploy.0 = Debug|Any CPU
		{EBCBB058-29FA-4C33-95EA-94DB15192365}.Release|Any CPU.ActiveCfg = Release|Any CPU
		{EBCBB058-29FA-4C33-95EA-94DB15192365}.Release|Any CPU.Build.0 = Release|Any CPU
		{EBCBB058-29FA-4C33-95EA-94DB15192365}.Release|Any CPU.Deploy.0 = Release|Any CPU
		{EBCBB058-29FA-4C33-95EA-94DB15192365}.Release|ARM.ActiveCfg = Release|Any CPU
		{EBCBB058-29FA-4C33-95EA-94DB15192365}.Release|ARM.Build.0 = Release|Any CPU
		{EBCBB058-29FA-4C33-95EA-94DB15192365}.Release|ARM.Deploy.0 = Release|Any CPU
		{EBCBB058-29FA-4C33-95EA-94DB15192365}.Release|iPhone.ActiveCfg = Release|Any CPU
		{EBCBB058-29FA-4C33-95EA-94DB15192365}.Release|iPhone.Build.0 = Release|Any CPU
		{EBCBB058-29FA-4C33-95EA-94DB15192365}.Release|iPhone.Deploy.0 = Release|Any CPU
		{EBCBB058-29FA-4C33-95EA-94DB15192365}.Release|iPhoneSimulator.ActiveCfg = Release|Any CPU
		{EBCBB058-29FA-4C33-95EA-94DB15192365}.Release|iPhoneSimulator.Build.0 = Release|Any CPU
		{EBCBB058-29FA-4C33-95EA-94DB15192365}.Release|iPhoneSimulator.Deploy.0 = Release|Any CPU
		{EBCBB058-29FA-4C33-95EA-94DB15192365}.Release|x64.ActiveCfg = Release|Any CPU
		{EBCBB058-29FA-4C33-95EA-94DB15192365}.Release|x64.Build.0 = Release|Any CPU
		{EBCBB058-29FA-4C33-95EA-94DB15192365}.Release|x64.Deploy.0 = Release|Any CPU
		{EBCBB058-29FA-4C33-95EA-94DB15192365}.Release|x86.ActiveCfg = Release|Any CPU
		{EBCBB058-29FA-4C33-95EA-94DB15192365}.Release|x86.Build.0 = Release|Any CPU
		{EBCBB058-29FA-4C33-95EA-94DB15192365}.Release|x86.Deploy.0 = Release|Any CPU
	EndGlobalSection
	GlobalSection(SolutionProperties) = preSolution
		HideSolutionNode = FALSE
	EndGlobalSection
	GlobalSection(ExtensibilityGlobals) = postSolution
		SolutionGuid = {C0015128-5559-40A5-937A-59DEFBE9775B}
	EndGlobalSection
EndGlobal
